// !$*UTF8*$!
{
	archiveVersion = 1;
	classes = {
	};
	objectVersion = 46;
	objects = {

/* Begin PBXBuildFile section */
		12A88FA0757E8D45EFD969DE /* libPods-Office Health.a in Frameworks */ = {isa = PBXBuildFile; fileRef = 2DD17765FA0D6B94BFDC7BBE /* libPods-Office Health.a */; };
		6C52A5511B95356A007E081C /* main.m in Sources */ = {isa = PBXBuildFile; fileRef = 6C52A5501B95356A007E081C /* main.m */; };
		6C52A5541B95356A007E081C /* AppDelegate.m in Sources */ = {isa = PBXBuildFile; fileRef = 6C52A5531B95356A007E081C /* AppDelegate.m */; };
		6C52A5571B95356A007E081C /* Office_Health.xcdatamodeld in Sources */ = {isa = PBXBuildFile; fileRef = 6C52A5551B95356A007E081C /* Office_Health.xcdatamodeld */; };
		6C52A55A1B95356A007E081C /* InitController.m in Sources */ = {isa = PBXBuildFile; fileRef = 6C52A5591B95356A007E081C /* InitController.m */; };
		6C52A55D1B95356A007E081C /* Main.storyboard in Resources */ = {isa = PBXBuildFile; fileRef = 6C52A55B1B95356A007E081C /* Main.storyboard */; };
		6C52A55F1B95356A007E081C /* Images.xcassets in Resources */ = {isa = PBXBuildFile; fileRef = 6C52A55E1B95356A007E081C /* Images.xcassets */; };
		6C52A5621B95356A007E081C /* LaunchScreen.xib in Resources */ = {isa = PBXBuildFile; fileRef = 6C52A5601B95356A007E081C /* LaunchScreen.xib */; };
		6C52A56E1B95356A007E081C /* Office_HealthTests.m in Sources */ = {isa = PBXBuildFile; fileRef = 6C52A56D1B95356A007E081C /* Office_HealthTests.m */; };
		6C52A57B1B953CD1007E081C /* AppData.m in Sources */ = {isa = PBXBuildFile; fileRef = 6C52A57A1B953CD1007E081C /* AppData.m */; };
		6C52A57E1B954258007E081C /* OfficeHealthIntro.mov in Resources */ = {isa = PBXBuildFile; fileRef = 6C52A57D1B954258007E081C /* OfficeHealthIntro.mov */; };
		6C52A5811B954987007E081C /* HomeController.m in Sources */ = {isa = PBXBuildFile; fileRef = 6C52A5801B954987007E081C /* HomeController.m */; };
		6C52A5841B9549AB007E081C /* ExercisesController.m in Sources */ = {isa = PBXBuildFile; fileRef = 6C52A5831B9549AB007E081C /* ExercisesController.m */; };
		6C52A5871B9549CC007E081C /* ExercisesEditController.m in Sources */ = {isa = PBXBuildFile; fileRef = 6C52A5861B9549CC007E081C /* ExercisesEditController.m */; };
		6C52A58A1B9549F9007E081C /* CalendarController.m in Sources */ = {isa = PBXBuildFile; fileRef = 6C52A5891B9549F9007E081C /* CalendarController.m */; };
		6C52A58D1B954A16007E081C /* CalendarEditController.m in Sources */ = {isa = PBXBuildFile; fileRef = 6C52A58C1B954A16007E081C /* CalendarEditController.m */; };
		6C52A5921B954A79007E081C /* ExerciseCell.m in Sources */ = {isa = PBXBuildFile; fileRef = 6C52A5901B954A79007E081C /* ExerciseCell.m */; };
		6C52A5931B954A79007E081C /* ExerciseCell.xib in Resources */ = {isa = PBXBuildFile; fileRef = 6C52A5911B954A79007E081C /* ExerciseCell.xib */; };
		6C52A5971B954B3B007E081C /* AVFoundation.framework in Frameworks */ = {isa = PBXBuildFile; fileRef = 6C52A5951B954B3B007E081C /* AVFoundation.framework */; };
		6C52A5981B954B3B007E081C /* AVKit.framework in Frameworks */ = {isa = PBXBuildFile; fileRef = 6C52A5961B954B3B007E081C /* AVKit.framework */; };
		6C52A5A31B95727C007E081C /* OfficeHealthIntro2.mp4 in Resources */ = {isa = PBXBuildFile; fileRef = 6C52A5A21B95727C007E081C /* OfficeHealthIntro2.mp4 */; };
		6C52A5A71B958A96007E081C /* GoogleService-Info.plist in Resources */ = {isa = PBXBuildFile; fileRef = 6C52A5A61B958A96007E081C /* GoogleService-Info.plist */; };
		6C52A5C71B95A6B9007E081C /* Security.framework in Frameworks */ = {isa = PBXBuildFile; fileRef = 6C52A5C61B95A6B9007E081C /* Security.framework */; };
		6C52A5C91B95A6C4007E081C /* SystemConfiguration.framework in Frameworks */ = {isa = PBXBuildFile; fileRef = 6C52A5C81B95A6C4007E081C /* SystemConfiguration.framework */; };
		6C52A5CB1B95A7A1007E081C /* GTMOAuth2ViewTouch.xib in Resources */ = {isa = PBXBuildFile; fileRef = 6C52A5CA1B95A7A1007E081C /* GTMOAuth2ViewTouch.xib */; };
		6C52A5CE1B95A7E2007E081C /* GTLCalendar_Sources.m in Sources */ = {isa = PBXBuildFile; fileRef = 6C52A5CC1B95A7E2007E081C /* GTLCalendar_Sources.m */; };
/* End PBXBuildFile section */

/* Begin PBXContainerItemProxy section */
		6C52A5681B95356A007E081C /* PBXContainerItemProxy */ = {
			isa = PBXContainerItemProxy;
			containerPortal = 6C52A5431B95356A007E081C /* Project object */;
			proxyType = 1;
			remoteGlobalIDString = 6C52A54A1B95356A007E081C;
			remoteInfo = "Office Health";
		};
/* End PBXContainerItemProxy section */

/* Begin PBXFileReference section */
		2DD17765FA0D6B94BFDC7BBE /* libPods-Office Health.a */ = {isa = PBXFileReference; explicitFileType = archive.ar; includeInIndex = 0; path = "libPods-Office Health.a"; sourceTree = BUILT_PRODUCTS_DIR; };
		5D6361C19CDA7EEFC7FB1340 /* Pods-Office Health.debug.xcconfig */ = {isa = PBXFileReference; includeInIndex = 1; lastKnownFileType = text.xcconfig; name = "Pods-Office Health.debug.xcconfig"; path = "Pods/Target Support Files/Pods-Office Health/Pods-Office Health.debug.xcconfig"; sourceTree = "<group>"; };
		6C52A54B1B95356A007E081C /* Office Health.app */ = {isa = PBXFileReference; explicitFileType = wrapper.application; includeInIndex = 0; path = "Office Health.app"; sourceTree = BUILT_PRODUCTS_DIR; };
		6C52A54F1B95356A007E081C /* Info.plist */ = {isa = PBXFileReference; lastKnownFileType = text.plist.xml; path = Info.plist; sourceTree = "<group>"; };
		6C52A5501B95356A007E081C /* main.m */ = {isa = PBXFileReference; lastKnownFileType = sourcecode.c.objc; path = main.m; sourceTree = "<group>"; };
		6C52A5521B95356A007E081C /* AppDelegate.h */ = {isa = PBXFileReference; lastKnownFileType = sourcecode.c.h; path = AppDelegate.h; sourceTree = "<group>"; };
		6C52A5531B95356A007E081C /* AppDelegate.m */ = {isa = PBXFileReference; lastKnownFileType = sourcecode.c.objc; path = AppDelegate.m; sourceTree = "<group>"; };
		6C52A5561B95356A007E081C /* Office_Health.xcdatamodel */ = {isa = PBXFileReference; lastKnownFileType = wrapper.xcdatamodel; path = Office_Health.xcdatamodel; sourceTree = "<group>"; };
		6C52A5581B95356A007E081C /* InitController.h */ = {isa = PBXFileReference; lastKnownFileType = sourcecode.c.h; path = InitController.h; sourceTree = "<group>"; };
		6C52A5591B95356A007E081C /* InitController.m */ = {isa = PBXFileReference; lastKnownFileType = sourcecode.c.objc; path = InitController.m; sourceTree = "<group>"; };
		6C52A55C1B95356A007E081C /* Base */ = {isa = PBXFileReference; lastKnownFileType = file.storyboard; name = Base; path = Base.lproj/Main.storyboard; sourceTree = "<group>"; };
		6C52A55E1B95356A007E081C /* Images.xcassets */ = {isa = PBXFileReference; lastKnownFileType = folder.assetcatalog; path = Images.xcassets; sourceTree = "<group>"; };
		6C52A5611B95356A007E081C /* Base */ = {isa = PBXFileReference; lastKnownFileType = file.xib; name = Base; path = Base.lproj/LaunchScreen.xib; sourceTree = "<group>"; };
		6C52A5671B95356A007E081C /* Office HealthTests.xctest */ = {isa = PBXFileReference; explicitFileType = wrapper.cfbundle; includeInIndex = 0; path = "Office HealthTests.xctest"; sourceTree = BUILT_PRODUCTS_DIR; };
		6C52A56C1B95356A007E081C /* Info.plist */ = {isa = PBXFileReference; lastKnownFileType = text.plist.xml; path = Info.plist; sourceTree = "<group>"; };
		6C52A56D1B95356A007E081C /* Office_HealthTests.m */ = {isa = PBXFileReference; lastKnownFileType = sourcecode.c.objc; path = Office_HealthTests.m; sourceTree = "<group>"; };
		6C52A5791B953CD1007E081C /* AppData.h */ = {isa = PBXFileReference; fileEncoding = 4; lastKnownFileType = sourcecode.c.h; path = AppData.h; sourceTree = "<group>"; };
		6C52A57A1B953CD1007E081C /* AppData.m */ = {isa = PBXFileReference; fileEncoding = 4; lastKnownFileType = sourcecode.c.objc; path = AppData.m; sourceTree = "<group>"; };
		6C52A57D1B954258007E081C /* OfficeHealthIntro.mov */ = {isa = PBXFileReference; lastKnownFileType = video.quicktime; path = OfficeHealthIntro.mov; sourceTree = "<group>"; };
		6C52A57F1B954987007E081C /* HomeController.h */ = {isa = PBXFileReference; fileEncoding = 4; lastKnownFileType = sourcecode.c.h; path = HomeController.h; sourceTree = "<group>"; };
		6C52A5801B954987007E081C /* HomeController.m */ = {isa = PBXFileReference; fileEncoding = 4; lastKnownFileType = sourcecode.c.objc; path = HomeController.m; sourceTree = "<group>"; };
		6C52A5821B9549AB007E081C /* ExercisesController.h */ = {isa = PBXFileReference; fileEncoding = 4; lastKnownFileType = sourcecode.c.h; path = ExercisesController.h; sourceTree = "<group>"; };
		6C52A5831B9549AB007E081C /* ExercisesController.m */ = {isa = PBXFileReference; fileEncoding = 4; lastKnownFileType = sourcecode.c.objc; path = ExercisesController.m; sourceTree = "<group>"; };
		6C52A5851B9549CC007E081C /* ExercisesEditController.h */ = {isa = PBXFileReference; fileEncoding = 4; lastKnownFileType = sourcecode.c.h; path = ExercisesEditController.h; sourceTree = "<group>"; };
		6C52A5861B9549CC007E081C /* ExercisesEditController.m */ = {isa = PBXFileReference; fileEncoding = 4; lastKnownFileType = sourcecode.c.objc; path = ExercisesEditController.m; sourceTree = "<group>"; };
		6C52A5881B9549F9007E081C /* CalendarController.h */ = {isa = PBXFileReference; fileEncoding = 4; lastKnownFileType = sourcecode.c.h; path = CalendarController.h; sourceTree = "<group>"; };
		6C52A5891B9549F9007E081C /* CalendarController.m */ = {isa = PBXFileReference; fileEncoding = 4; lastKnownFileType = sourcecode.c.objc; path = CalendarController.m; sourceTree = "<group>"; };
		6C52A58B1B954A16007E081C /* CalendarEditController.h */ = {isa = PBXFileReference; fileEncoding = 4; lastKnownFileType = sourcecode.c.h; path = CalendarEditController.h; sourceTree = "<group>"; };
		6C52A58C1B954A16007E081C /* CalendarEditController.m */ = {isa = PBXFileReference; fileEncoding = 4; lastKnownFileType = sourcecode.c.objc; path = CalendarEditController.m; sourceTree = "<group>"; };
		6C52A58F1B954A79007E081C /* ExerciseCell.h */ = {isa = PBXFileReference; fileEncoding = 4; lastKnownFileType = sourcecode.c.h; path = ExerciseCell.h; sourceTree = "<group>"; };
		6C52A5901B954A79007E081C /* ExerciseCell.m */ = {isa = PBXFileReference; fileEncoding = 4; lastKnownFileType = sourcecode.c.objc; path = ExerciseCell.m; sourceTree = "<group>"; };
		6C52A5911B954A79007E081C /* ExerciseCell.xib */ = {isa = PBXFileReference; fileEncoding = 4; lastKnownFileType = file.xib; path = ExerciseCell.xib; sourceTree = "<group>"; };
		6C52A5951B954B3B007E081C /* AVFoundation.framework */ = {isa = PBXFileReference; lastKnownFileType = wrapper.framework; name = AVFoundation.framework; path = System/Library/Frameworks/AVFoundation.framework; sourceTree = SDKROOT; };
		6C52A5961B954B3B007E081C /* AVKit.framework */ = {isa = PBXFileReference; lastKnownFileType = wrapper.framework; name = AVKit.framework; path = System/Library/Frameworks/AVKit.framework; sourceTree = SDKROOT; };
		6C52A5A21B95727C007E081C /* OfficeHealthIntro2.mp4 */ = {isa = PBXFileReference; lastKnownFileType = file; path = OfficeHealthIntro2.mp4; sourceTree = "<group>"; };
		6C52A5A61B958A96007E081C /* GoogleService-Info.plist */ = {isa = PBXFileReference; fileEncoding = 4; lastKnownFileType = text.plist.xml; path = "GoogleService-Info.plist"; sourceTree = "<group>"; };
		6C52A5A81B95A676007E081C /* GTL.xcodeproj */ = {isa = PBXFileReference; lastKnownFileType = "wrapper.pb-project"; name = GTL.xcodeproj; path = "../google-api-objectivec-client/Source/GTL.xcodeproj"; sourceTree = "<group>"; };
		6C52A5C61B95A6B9007E081C /* Security.framework */ = {isa = PBXFileReference; lastKnownFileType = wrapper.framework; name = Security.framework; path = System/Library/Frameworks/Security.framework; sourceTree = SDKROOT; };
		6C52A5C81B95A6C4007E081C /* SystemConfiguration.framework */ = {isa = PBXFileReference; lastKnownFileType = wrapper.framework; name = SystemConfiguration.framework; path = System/Library/Frameworks/SystemConfiguration.framework; sourceTree = SDKROOT; };
		6C52A5CA1B95A7A1007E081C /* GTMOAuth2ViewTouch.xib */ = {isa = PBXFileReference; fileEncoding = 4; lastKnownFileType = file.xib; name = GTMOAuth2ViewTouch.xib; path = "../../google-api-objectivec-client/Source/OAuth2/Touch/GTMOAuth2ViewTouch.xib"; sourceTree = "<group>"; };
		6C52A5CC1B95A7E2007E081C /* GTLCalendar_Sources.m */ = {isa = PBXFileReference; fileEncoding = 4; lastKnownFileType = sourcecode.c.objc; name = GTLCalendar_Sources.m; path = "../../google-api-objectivec-client/Source/Services/Calendar/Generated/GTLCalendar_Sources.m"; sourceTree = "<group>"; };
		6C52A5CD1B95A7E2007E081C /* GTLCalendar.h */ = {isa = PBXFileReference; fileEncoding = 4; lastKnownFileType = sourcecode.c.h; name = GTLCalendar.h; path = "../../google-api-objectivec-client/Source/Services/Calendar/Generated/GTLCalendar.h"; sourceTree = "<group>"; };
		9FAAD1BE907BF2F1E388DD9B /* Pods-Office Health.release.xcconfig */ = {isa = PBXFileReference; includeInIndex = 1; lastKnownFileType = text.xcconfig; name = "Pods-Office Health.release.xcconfig"; path = "Pods/Target Support Files/Pods-Office Health/Pods-Office Health.release.xcconfig"; sourceTree = "<group>"; };
/* End PBXFileReference section */

/* Begin PBXFrameworksBuildPhase section */
		6C52A5481B95356A007E081C /* Frameworks */ = {
			isa = PBXFrameworksBuildPhase;
			buildActionMask = 2147483647;
			files = (
				6C52A5C91B95A6C4007E081C /* SystemConfiguration.framework in Frameworks */,
				6C52A5C71B95A6B9007E081C /* Security.framework in Frameworks */,
				6C52A5971B954B3B007E081C /* AVFoundation.framework in Frameworks */,
				6C52A5981B954B3B007E081C /* AVKit.framework in Frameworks */,
				12A88FA0757E8D45EFD969DE /* libPods-Office Health.a in Frameworks */,
			);
			runOnlyForDeploymentPostprocessing = 0;
		};
		6C52A5641B95356A007E081C /* Frameworks */ = {
			isa = PBXFrameworksBuildPhase;
			buildActionMask = 2147483647;
			files = (
			);
			runOnlyForDeploymentPostprocessing = 0;
		};
/* End PBXFrameworksBuildPhase section */

/* Begin PBXGroup section */
		58909F2BFA33107C1D805F69 /* Frameworks */ = {
			isa = PBXGroup;
			children = (
				6C52A5C81B95A6C4007E081C /* SystemConfiguration.framework */,
				6C52A5C61B95A6B9007E081C /* Security.framework */,
				2DD17765FA0D6B94BFDC7BBE /* libPods-Office Health.a */,
			);
			name = Frameworks;
			sourceTree = "<group>";
		};
		6C52A5421B95356A007E081C = {
			isa = PBXGroup;
			children = (
				6C52A5CF1B95A806007E081C /* Frameworks */,
				6C52A54D1B95356A007E081C /* Office Health */,
				6C52A56A1B95356A007E081C /* Office HealthTests */,
				6C52A54C1B95356A007E081C /* Products */,
				E17E9338F3F092C34FF62D1C /* Pods */,
				58909F2BFA33107C1D805F69 /* Frameworks */,
			);
			sourceTree = "<group>";
		};
		6C52A54C1B95356A007E081C /* Products */ = {
			isa = PBXGroup;
			children = (
				6C52A54B1B95356A007E081C /* Office Health.app */,
				6C52A5671B95356A007E081C /* Office HealthTests.xctest */,
			);
			name = Products;
			sourceTree = "<group>";
		};
		6C52A54D1B95356A007E081C /* Office Health */ = {
			isa = PBXGroup;
			children = (
				6C52A57C1B9541D9007E081C /* Extras */,
				6C52A5781B953C28007E081C /* Delegates */,
				6C52A5771B953C16007E081C /* Controllers */,
				6C52A55B1B95356A007E081C /* Main.storyboard */,
				6C52A55E1B95356A007E081C /* Images.xcassets */,
				6C52A5601B95356A007E081C /* LaunchScreen.xib */,
				6C52A5551B95356A007E081C /* Office_Health.xcdatamodeld */,
				6C52A54E1B95356A007E081C /* Supporting Files */,
			);
			path = "Office Health";
			sourceTree = "<group>";
		};
		6C52A54E1B95356A007E081C /* Supporting Files */ = {
			isa = PBXGroup;
			children = (
				6C52A5CA1B95A7A1007E081C /* GTMOAuth2ViewTouch.xib */,
				6C52A5A61B958A96007E081C /* GoogleService-Info.plist */,
				6C52A54F1B95356A007E081C /* Info.plist */,
				6C52A5501B95356A007E081C /* main.m */,
			);
			name = "Supporting Files";
			sourceTree = "<group>";
		};
		6C52A56A1B95356A007E081C /* Office HealthTests */ = {
			isa = PBXGroup;
			children = (
				6C52A56D1B95356A007E081C /* Office_HealthTests.m */,
				6C52A56B1B95356A007E081C /* Supporting Files */,
			);
			path = "Office HealthTests";
			sourceTree = "<group>";
		};
		6C52A56B1B95356A007E081C /* Supporting Files */ = {
			isa = PBXGroup;
			children = (
				6C52A56C1B95356A007E081C /* Info.plist */,
			);
			name = "Supporting Files";
			sourceTree = "<group>";
		};
		6C52A5771B953C16007E081C /* Controllers */ = {
			isa = PBXGroup;
			children = (
				6C52A5581B95356A007E081C /* InitController.h */,
				6C52A5591B95356A007E081C /* InitController.m */,
				6C52A57F1B954987007E081C /* HomeController.h */,
				6C52A5801B954987007E081C /* HomeController.m */,
				6C52A5941B954A94007E081C /* Calendar */,
				6C52A58E1B954A23007E081C /* Exercises */,
			);
			name = Controllers;
			sourceTree = "<group>";
		};
		6C52A5781B953C28007E081C /* Delegates */ = {
			isa = PBXGroup;
			children = (
				6C52A5521B95356A007E081C /* AppDelegate.h */,
				6C52A5531B95356A007E081C /* AppDelegate.m */,
				6C52A5791B953CD1007E081C /* AppData.h */,
				6C52A57A1B953CD1007E081C /* AppData.m */,
			);
			name = Delegates;
			sourceTree = "<group>";
		};
		6C52A57C1B9541D9007E081C /* Extras */ = {
			isa = PBXGroup;
			children = (
				6C52A5A21B95727C007E081C /* OfficeHealthIntro2.mp4 */,
				6C52A57D1B954258007E081C /* OfficeHealthIntro.mov */,
			);
			name = Extras;
			sourceTree = "<group>";
		};
		6C52A58E1B954A23007E081C /* Exercises */ = {
			isa = PBXGroup;
			children = (
				6C52A5821B9549AB007E081C /* ExercisesController.h */,
				6C52A5831B9549AB007E081C /* ExercisesController.m */,
				6C52A5851B9549CC007E081C /* ExercisesEditController.h */,
				6C52A5861B9549CC007E081C /* ExercisesEditController.m */,
				6C52A58F1B954A79007E081C /* ExerciseCell.h */,
				6C52A5901B954A79007E081C /* ExerciseCell.m */,
				6C52A5911B954A79007E081C /* ExerciseCell.xib */,
			);
			name = Exercises;
			sourceTree = "<group>";
		};
		6C52A5941B954A94007E081C /* Calendar */ = {
			isa = PBXGroup;
			children = (
				6C52A5CC1B95A7E2007E081C /* GTLCalendar_Sources.m */,
				6C52A5CD1B95A7E2007E081C /* GTLCalendar.h */,
				6C52A5881B9549F9007E081C /* CalendarController.h */,
				6C52A5891B9549F9007E081C /* CalendarController.m */,
				6C52A58B1B954A16007E081C /* CalendarEditController.h */,
				6C52A58C1B954A16007E081C /* CalendarEditController.m */,
			);
			name = Calendar;
			sourceTree = "<group>";
		};
		6C52A5CF1B95A806007E081C /* Frameworks */ = {
			isa = PBXGroup;
			children = (
				6C52A5A81B95A676007E081C /* GTL.xcodeproj */,
				6C52A5951B954B3B007E081C /* AVFoundation.framework */,
				6C52A5961B954B3B007E081C /* AVKit.framework */,
			);
			name = Frameworks;
			sourceTree = "<group>";
		};
		E17E9338F3F092C34FF62D1C /* Pods */ = {
			isa = PBXGroup;
			children = (
				5D6361C19CDA7EEFC7FB1340 /* Pods-Office Health.debug.xcconfig */,
				9FAAD1BE907BF2F1E388DD9B /* Pods-Office Health.release.xcconfig */,
			);
			name = Pods;
			sourceTree = "<group>";
		};
/* End PBXGroup section */

/* Begin PBXNativeTarget section */
		6C52A54A1B95356A007E081C /* Office Health */ = {
			isa = PBXNativeTarget;
			buildConfigurationList = 6C52A5711B95356A007E081C /* Build configuration list for PBXNativeTarget "Office Health" */;
			buildPhases = (
				F30B52D9F9079B71F4088DBE /* Check Pods Manifest.lock */,
				6C52A5471B95356A007E081C /* Sources */,
				6C52A5481B95356A007E081C /* Frameworks */,
				6C52A5491B95356A007E081C /* Resources */,
				4EB111D8939D0662007B5F08 /* Copy Pods Resources */,
			);
			buildRules = (
			);
			dependencies = (
			);
			name = "Office Health";
			productName = "Office Health";
			productReference = 6C52A54B1B95356A007E081C /* Office Health.app */;
			productType = "com.apple.product-type.application";
		};
		6C52A5661B95356A007E081C /* Office HealthTests */ = {
			isa = PBXNativeTarget;
			buildConfigurationList = 6C52A5741B95356A007E081C /* Build configuration list for PBXNativeTarget "Office HealthTests" */;
			buildPhases = (
				6C52A5631B95356A007E081C /* Sources */,
				6C52A5641B95356A007E081C /* Frameworks */,
				6C52A5651B95356A007E081C /* Resources */,
			);
			buildRules = (
			);
			dependencies = (
				6C52A5691B95356A007E081C /* PBXTargetDependency */,
			);
			name = "Office HealthTests";
			productName = "Office HealthTests";
			productReference = 6C52A5671B95356A007E081C /* Office HealthTests.xctest */;
			productType = "com.apple.product-type.bundle.unit-test";
		};
/* End PBXNativeTarget section */

/* Begin PBXProject section */
		6C52A5431B95356A007E081C /* Project object */ = {
			isa = PBXProject;
			attributes = {
				LastUpgradeCheck = 0640;
				ORGANIZATIONNAME = CM;
				TargetAttributes = {
					6C52A54A1B95356A007E081C = {
						CreatedOnToolsVersion = 6.4;
					};
					6C52A5661B95356A007E081C = {
						CreatedOnToolsVersion = 6.4;
						TestTargetID = 6C52A54A1B95356A007E081C;
					};
				};
			};
			buildConfigurationList = 6C52A5461B95356A007E081C /* Build configuration list for PBXProject "Office Health" */;
			compatibilityVersion = "Xcode 3.2";
			developmentRegion = English;
			hasScannedForEncodings = 0;
			knownRegions = (
				en,
				Base,
			);
			mainGroup = 6C52A5421B95356A007E081C;
			productRefGroup = 6C52A54C1B95356A007E081C /* Products */;
			projectDirPath = "";
			projectRoot = "";
			targets = (
				6C52A54A1B95356A007E081C /* Office Health */,
				6C52A5661B95356A007E081C /* Office HealthTests */,
			);
		};
/* End PBXProject section */

/* Begin PBXResourcesBuildPhase section */
		6C52A5491B95356A007E081C /* Resources */ = {
			isa = PBXResourcesBuildPhase;
			buildActionMask = 2147483647;
			files = (
				6C52A5CB1B95A7A1007E081C /* GTMOAuth2ViewTouch.xib in Resources */,
				6C52A55D1B95356A007E081C /* Main.storyboard in Resources */,
				6C52A5A31B95727C007E081C /* OfficeHealthIntro2.mp4 in Resources */,
				6C52A5621B95356A007E081C /* LaunchScreen.xib in Resources */,
				6C52A5931B954A79007E081C /* ExerciseCell.xib in Resources */,
				6C52A55F1B95356A007E081C /* Images.xcassets in Resources */,
				6C52A57E1B954258007E081C /* OfficeHealthIntro.mov in Resources */,
				6C52A5A71B958A96007E081C /* GoogleService-Info.plist in Resources */,
			);
			runOnlyForDeploymentPostprocessing = 0;
		};
		6C52A5651B95356A007E081C /* Resources */ = {
			isa = PBXResourcesBuildPhase;
			buildActionMask = 2147483647;
			files = (
			);
			runOnlyForDeploymentPostprocessing = 0;
		};
/* End PBXResourcesBuildPhase section */

/* Begin PBXShellScriptBuildPhase section */
		4EB111D8939D0662007B5F08 /* Copy Pods Resources */ = {
			isa = PBXShellScriptBuildPhase;
			buildActionMask = 2147483647;
			files = (
			);
			inputPaths = (
			);
			name = "Copy Pods Resources";
			outputPaths = (
			);
			runOnlyForDeploymentPostprocessing = 0;
			shellPath = /bin/sh;
			shellScript = "\"${SRCROOT}/Pods/Target Support Files/Pods-Office Health/Pods-Office Health-resources.sh\"\n";
			showEnvVarsInLog = 0;
		};
		F30B52D9F9079B71F4088DBE /* Check Pods Manifest.lock */ = {
			isa = PBXShellScriptBuildPhase;
			buildActionMask = 2147483647;
			files = (
			);
			inputPaths = (
			);
			name = "Check Pods Manifest.lock";
			outputPaths = (
			);
			runOnlyForDeploymentPostprocessing = 0;
			shellPath = /bin/sh;
			shellScript = "diff \"${PODS_ROOT}/../Podfile.lock\" \"${PODS_ROOT}/Manifest.lock\" > /dev/null\nif [[ $? != 0 ]] ; then\n    cat << EOM\nerror: The sandbox is not in sync with the Podfile.lock. Run 'pod install' or update your CocoaPods installation.\nEOM\n    exit 1\nfi\n";
			showEnvVarsInLog = 0;
		};
/* End PBXShellScriptBuildPhase section */

/* Begin PBXSourcesBuildPhase section */
		6C52A5471B95356A007E081C /* Sources */ = {
			isa = PBXSourcesBuildPhase;
			buildActionMask = 2147483647;
			files = (
				6C52A5571B95356A007E081C /* Office_Health.xcdatamodeld in Sources */,
				6C52A5871B9549CC007E081C /* ExercisesEditController.m in Sources */,
				6C52A5541B95356A007E081C /* AppDelegate.m in Sources */,
				6C52A5921B954A79007E081C /* ExerciseCell.m in Sources */,
				6C52A5CE1B95A7E2007E081C /* GTLCalendar_Sources.m in Sources */,
				6C52A58A1B9549F9007E081C /* CalendarController.m in Sources */,
				6C52A55A1B95356A007E081C /* InitController.m in Sources */,
				6C52A5511B95356A007E081C /* main.m in Sources */,
				6C52A5811B954987007E081C /* HomeController.m in Sources */,
				6C52A58D1B954A16007E081C /* CalendarEditController.m in Sources */,
				6C52A5841B9549AB007E081C /* ExercisesController.m in Sources */,
				6C52A57B1B953CD1007E081C /* AppData.m in Sources */,
			);
			runOnlyForDeploymentPostprocessing = 0;
		};
		6C52A5631B95356A007E081C /* Sources */ = {
			isa = PBXSourcesBuildPhase;
			buildActionMask = 2147483647;
			files = (
				6C52A56E1B95356A007E081C /* Office_HealthTests.m in Sources */,
			);
			runOnlyForDeploymentPostprocessing = 0;
		};
/* End PBXSourcesBuildPhase section */

/* Begin PBXTargetDependency section */
		6C52A5691B95356A007E081C /* PBXTargetDependency */ = {
			isa = PBXTargetDependency;
			target = 6C52A54A1B95356A007E081C /* Office Health */;
			targetProxy = 6C52A5681B95356A007E081C /* PBXContainerItemProxy */;
		};
/* End PBXTargetDependency section */

/* Begin PBXVariantGroup section */
		6C52A55B1B95356A007E081C /* Main.storyboard */ = {
			isa = PBXVariantGroup;
			children = (
				6C52A55C1B95356A007E081C /* Base */,
			);
			name = Main.storyboard;
			sourceTree = "<group>";
		};
		6C52A5601B95356A007E081C /* LaunchScreen.xib */ = {
			isa = PBXVariantGroup;
			children = (
				6C52A5611B95356A007E081C /* Base */,
			);
			name = LaunchScreen.xib;
			sourceTree = "<group>";
		};
/* End PBXVariantGroup section */

/* Begin XCBuildConfiguration section */
		6C52A56F1B95356A007E081C /* Debug */ = {
			isa = XCBuildConfiguration;
			buildSettings = {
				ALWAYS_SEARCH_USER_PATHS = NO;
				CLANG_CXX_LANGUAGE_STANDARD = "gnu++0x";
				CLANG_CXX_LIBRARY = "libc++";
				CLANG_ENABLE_MODULES = YES;
				CLANG_ENABLE_OBJC_ARC = YES;
				CLANG_WARN_BOOL_CONVERSION = YES;
				CLANG_WARN_CONSTANT_CONVERSION = YES;
				CLANG_WARN_DIRECT_OBJC_ISA_USAGE = YES_ERROR;
				CLANG_WARN_EMPTY_BODY = YES;
				CLANG_WARN_ENUM_CONVERSION = YES;
				CLANG_WARN_INT_CONVERSION = YES;
				CLANG_WARN_OBJC_ROOT_CLASS = YES_ERROR;
				CLANG_WARN_UNREACHABLE_CODE = YES;
				CLANG_WARN__DUPLICATE_METHOD_MATCH = YES;
				"CODE_SIGN_IDENTITY[sdk=iphoneos*]" = "iPhone Developer";
				COPY_PHASE_STRIP = NO;
				DEBUG_INFORMATION_FORMAT = "dwarf-with-dsym";
				ENABLE_STRICT_OBJC_MSGSEND = YES;
				GCC_C_LANGUAGE_STANDARD = gnu99;
				GCC_DYNAMIC_NO_PIC = NO;
				GCC_NO_COMMON_BLOCKS = YES;
				GCC_OPTIMIZATION_LEVEL = 0;
				GCC_PREPROCESSOR_DEFINITIONS = (
					"DEBUG=1",
					"$(inherited)",
				);
				GCC_SYMBOLS_PRIVATE_EXTERN = NO;
				GCC_WARN_64_TO_32_BIT_CONVERSION = YES;
				GCC_WARN_ABOUT_RETURN_TYPE = YES_ERROR;
				GCC_WARN_UNDECLARED_SELECTOR = YES;
				GCC_WARN_UNINITIALIZED_AUTOS = YES_AGGRESSIVE;
				GCC_WARN_UNUSED_FUNCTION = YES;
				GCC_WARN_UNUSED_VARIABLE = YES;
				IPHONEOS_DEPLOYMENT_TARGET = 8.4;
				MTL_ENABLE_DEBUG_INFO = YES;
				ONLY_ACTIVE_ARCH = YES;
				SDKROOT = iphoneos;
			};
			name = Debug;
		};
		6C52A5701B95356A007E081C /* Release */ = {
			isa = XCBuildConfiguration;
			buildSettings = {
				ALWAYS_SEARCH_USER_PATHS = NO;
				CLANG_CXX_LANGUAGE_STANDARD = "gnu++0x";
				CLANG_CXX_LIBRARY = "libc++";
				CLANG_ENABLE_MODULES = YES;
				CLANG_ENABLE_OBJC_ARC = YES;
				CLANG_WARN_BOOL_CONVERSION = YES;
				CLANG_WARN_CONSTANT_CONVERSION = YES;
				CLANG_WARN_DIRECT_OBJC_ISA_USAGE = YES_ERROR;
				CLANG_WARN_EMPTY_BODY = YES;
				CLANG_WARN_ENUM_CONVERSION = YES;
				CLANG_WARN_INT_CONVERSION = YES;
				CLANG_WARN_OBJC_ROOT_CLASS = YES_ERROR;
				CLANG_WARN_UNREACHABLE_CODE = YES;
				CLANG_WARN__DUPLICATE_METHOD_MATCH = YES;
				"CODE_SIGN_IDENTITY[sdk=iphoneos*]" = "iPhone Developer";
				COPY_PHASE_STRIP = NO;
				DEBUG_INFORMATION_FORMAT = "dwarf-with-dsym";
				ENABLE_NS_ASSERTIONS = NO;
				ENABLE_STRICT_OBJC_MSGSEND = YES;
				GCC_C_LANGUAGE_STANDARD = gnu99;
				GCC_NO_COMMON_BLOCKS = YES;
				GCC_WARN_64_TO_32_BIT_CONVERSION = YES;
				GCC_WARN_ABOUT_RETURN_TYPE = YES_ERROR;
				GCC_WARN_UNDECLARED_SELECTOR = YES;
				GCC_WARN_UNINITIALIZED_AUTOS = YES_AGGRESSIVE;
				GCC_WARN_UNUSED_FUNCTION = YES;
				GCC_WARN_UNUSED_VARIABLE = YES;
				IPHONEOS_DEPLOYMENT_TARGET = 8.4;
				MTL_ENABLE_DEBUG_INFO = NO;
				SDKROOT = iphoneos;
				VALIDATE_PRODUCT = YES;
			};
			name = Release;
		};
		6C52A5721B95356A007E081C /* Debug */ = {
			isa = XCBuildConfiguration;
			baseConfigurationReference = 5D6361C19CDA7EEFC7FB1340 /* Pods-Office Health.debug.xcconfig */;
			buildSettings = {
				ASSETCATALOG_COMPILER_APPICON_NAME = AppIcon;
				INFOPLIST_FILE = "Office Health/Info.plist";
				LD_RUNPATH_SEARCH_PATHS = "$(inherited) @executable_path/Frameworks";
				OTHER_LDFLAGS = (
					"$(inherited)",
					"-ObjC",
					"-l\"GGLAnalytics\"",
					"-l\"GGLCore\"",
					"-l\"GGLSignIn\"",
					"-l\"GIDExShared\"",
					"-l\"GSDK_Overload\"",
					"-l\"GTMOAuth2_external\"",
					"-l\"GTMOAuth2_internal\"",
					"-l\"GTMSessionFetcher_core\"",
					"-l\"GTMSessionFetcher_full\"",
					"-l\"GTMStackTrace\"",
					"-l\"GTM_AddressBook\"",
					"-l\"GTM_DebugUtils\"",
					"-l\"GTM_GTMURLBuilder\"",
					"-l\"GTM_KVO\"",
					"-l\"GTM_NSDictionary+URLArguments\"",
					"-l\"GTM_NSScannerJSON\"",
					"-l\"GTM_NSStringHTML\"",
					"-l\"GTM_NSStringXML\"",
					"-l\"GTM_Regex\"",
					"-l\"GTM_RoundedRectPath\"",
					"-l\"GTM_StringEncoding\"",
					"-l\"GTM_SystemVersion\"",
					"-l\"GTM_UIFont+LineHeight\"",
					"-l\"GTM_core\"",
					"-l\"GTM_iPhone\"",
					"-l\"GoogleAnalytics\"",
					"-l\"OpenInChrome\"",
					"-l\"SignIn\"",
					"-l\"sqlite3\"",
					"-l\"z\"",
					"-framework",
					"\"AddressBook\"",
					"-framework",
					"\"CoreData\"",
					"-framework",
					"\"CoreText\"",
					"-framework",
					"\"Security\"",
					"-framework",
					"\"StoreKit\"",
					"-framework",
					"\"SystemConfiguration\"",
					"-ObjC",
					"-all_load",
				);
				PRODUCT_NAME = "$(TARGET_NAME)";
				USER_HEADER_SEARCH_PATHS = "\"/Users/Aleyr/Documents/Office Health/google-api-objectivec-client/Source\"/**";
			};
			name = Debug;
		};
		6C52A5731B95356A007E081C /* Release */ = {
			isa = XCBuildConfiguration;
			baseConfigurationReference = 9FAAD1BE907BF2F1E388DD9B /* Pods-Office Health.release.xcconfig */;
			buildSettings = {
				ASSETCATALOG_COMPILER_APPICON_NAME = AppIcon;
				INFOPLIST_FILE = "Office Health/Info.plist";
				LD_RUNPATH_SEARCH_PATHS = "$(inherited) @executable_path/Frameworks";
				OTHER_LDFLAGS = (
					"$(inherited)",
					"-ObjC",
					"-l\"GGLAnalytics\"",
					"-l\"GGLCore\"",
					"-l\"GGLSignIn\"",
					"-l\"GIDExShared\"",
					"-l\"GSDK_Overload\"",
					"-l\"GTMOAuth2_external\"",
					"-l\"GTMOAuth2_internal\"",
					"-l\"GTMSessionFetcher_core\"",
					"-l\"GTMSessionFetcher_full\"",
					"-l\"GTMStackTrace\"",
					"-l\"GTM_AddressBook\"",
					"-l\"GTM_DebugUtils\"",
					"-l\"GTM_GTMURLBuilder\"",
					"-l\"GTM_KVO\"",
					"-l\"GTM_NSDictionary+URLArguments\"",
					"-l\"GTM_NSScannerJSON\"",
					"-l\"GTM_NSStringHTML\"",
					"-l\"GTM_NSStringXML\"",
					"-l\"GTM_Regex\"",
					"-l\"GTM_RoundedRectPath\"",
					"-l\"GTM_StringEncoding\"",
					"-l\"GTM_SystemVersion\"",
					"-l\"GTM_UIFont+LineHeight\"",
					"-l\"GTM_core\"",
					"-l\"GTM_iPhone\"",
					"-l\"GoogleAnalytics\"",
					"-l\"OpenInChrome\"",
					"-l\"SignIn\"",
					"-l\"sqlite3\"",
					"-l\"z\"",
					"-framework",
					"\"AddressBook\"",
					"-framework",
					"\"CoreData\"",
					"-framework",
					"\"CoreText\"",
					"-framework",
					"\"Security\"",
					"-framework",
					"\"StoreKit\"",
					"-framework",
					"\"SystemConfiguration\"",
					"-ObjC",
					"-all_load",
				);
				PRODUCT_NAME = "$(TARGET_NAME)";
				USER_HEADER_SEARCH_PATHS = "\"/Users/Aleyr/Documents/Office Health/google-api-objectivec-client/Source\"/**";
			};
			name = Release;
		};
		6C52A5751B95356A007E081C /* Debug */ = {
			isa = XCBuildConfiguration;
			buildSettings = {
				BUNDLE_LOADER = "$(TEST_HOST)";
				FRAMEWORK_SEARCH_PATHS = (
					"$(SDKROOT)/Developer/Library/Frameworks",
					"$(inherited)",
				);
				GCC_PREPROCESSOR_DEFINITIONS = (
					"DEBUG=1",
					"$(inherited)",
				);
				INFOPLIST_FILE = "Office HealthTests/Info.plist";
				LD_RUNPATH_SEARCH_PATHS = "$(inherited) @executable_path/Frameworks @loader_path/Frameworks";
				PRODUCT_NAME = "$(TARGET_NAME)";
				TEST_HOST = "$(BUILT_PRODUCTS_DIR)/Office Health.app/Office Health";
			};
			name = Debug;
		};
		6C52A5761B95356A007E081C /* Release */ = {
			isa = XCBuildConfiguration;
			buildSettings = {
				BUNDLE_LOADER = "$(TEST_HOST)";
				FRAMEWORK_SEARCH_PATHS = (
					"$(SDKROOT)/Developer/Library/Frameworks",
					"$(inherited)",
				);
				INFOPLIST_FILE = "Office HealthTests/Info.plist";
				LD_RUNPATH_SEARCH_PATHS = "$(inherited) @executable_path/Frameworks @loader_path/Frameworks";
				PRODUCT_NAME = "$(TARGET_NAME)";
				TEST_HOST = "$(BUILT_PRODUCTS_DIR)/Office Health.app/Office Health";
			};
			name = Release;
		};
/* End XCBuildConfiguration section */

/* Begin XCConfigurationList section */
		6C52A5461B95356A007E081C /* Build configuration list for PBXProject "Office Health" */ = {
			isa = XCConfigurationList;
			buildConfigurations = (
				6C52A56F1B95356A007E081C /* Debug */,
				6C52A5701B95356A007E081C /* Release */,
			);
			defaultConfigurationIsVisible = 0;
			defaultConfigurationName = Release;
		};
		6C52A5711B95356A007E081C /* Build configuration list for PBXNativeTarget "Office Health" */ = {
			isa = XCConfigurationList;
			buildConfigurations = (
				6C52A5721B95356A007E081C /* Debug */,
				6C52A5731B95356A007E081C /* Release */,
			);
			defaultConfigurationIsVisible = 0;
			defaultConfigurationName = Release;
		};
		6C52A5741B95356A007E081C /* Build configuration list for PBXNativeTarget "Office HealthTests" */ = {
			isa = XCConfigurationList;
			buildConfigurations = (
				6C52A5751B95356A007E081C /* Debug */,
				6C52A5761B95356A007E081C /* Release */,
			);
			defaultConfigurationIsVisible = 0;
			defaultConfigurationName = Release;
		};
/* End XCConfigurationList section */

/* Begin XCVersionGroup section */
		6C52A5551B95356A007E081C /* Office_Health.xcdatamodeld */ = {
			isa = XCVersionGroup;
			children = (
				6C52A5561B95356A007E081C /* Office_Health.xcdatamodel */,
			);
			currentVersion = 6C52A5561B95356A007E081C /* Office_Health.xcdatamodel */;
			path = Office_Health.xcdatamodeld;
			sourceTree = "<group>";
			versionGroupType = wrapper.xcdatamodel;
		};
/* End XCVersionGroup section */
	};
	rootObject = 6C52A5431B95356A007E081C /* Project object */;
}
